
Microsoft Visual Studio Solution File, Format Version 12.00
# Visual Studio Version 17
VisualStudioVersion = 17.2.32616.157
MinimumVisualStudioVersion = 10.0.40219.1
Project("{9A19103F-16F7-4668-BE54-9A1E7A4F7556}") = "ClinicManagementSystem", "ClinicManagementSystem\ClinicManagementSystem.csproj", "{2070CA20-DF47-47C1-A6F1-0B5D97A9575B}"
EndProject
Global
	GlobalSection(SolutionConfigurationPlatforms) = preSolution
		Debug|Any CPU = Debug|Any CPU
		Release|Any CPU = Release|Any CPU
	EndGlobalSection
	GlobalSection(ProjectConfigurationPlatforms) = postSolution
		{2070CA20-DF47-47C1-A6F1-0B5D97A9575B}.Debug|Any CPU.ActiveCfg = Debug|Any CPU
		{2070CA20-DF47-47C1-A6F1-0B5D97A9575B}.Debug|Any CPU.Build.0 = Debug|Any CPU
		{2070CA20-DF47-47C1-A6F1-0B5D97A9575B}.Release|Any CPU.ActiveCfg = Release|Any CPU
		{2070CA20-DF47-47C1-A6F1-0B5D97A9575B}.Release|Any CPU.Build.0 = Release|Any CPU
	EndGlobalSection
	GlobalSection(SolutionProperties) = preSolution
		HideSolutionNode = FALSE
	EndGlobalSection
	GlobalSection(ExtensibilityGlobals) = postSolution
		SolutionGuid = {78BEAA10-DE65-4098-8125-D31D92AEFF97}
	EndGlobalSection
EndGlobal
